
Microsoft Visual Studio Solution File, Format Version 12.00
# Visual Studio Version 17
VisualStudioVersion = 17.0.31903.59
MinimumVisualStudioVersion = 10.0.40219.1
Project("{2150E333-8FDC-42A3-9474-1A3956D46DE8}") = "src", "src", "{706C3592-2AD6-46E1-89FE-777175F94274}"
EndProject
Project("{F2A71F9B-5D33-465A-A702-920D77279786}") = "QueueSimple", "src\QueueSimple\QueueSimple.fsproj", "{6D1C93F5-B628-48F4-8E4A-57D9AE35255F}"
EndProject
Project("{F2A71F9B-5D33-465A-A702-920D77279786}") = "Queue", "src\Queue\Queue.fsproj", "{A8FB6EDC-5420-455F-AD93-C9B8E412F2F2}"
EndProject
Global
	GlobalSection(SolutionConfigurationPlatforms) = preSolution
		Debug|Any CPU = Debug|Any CPU
		Release|Any CPU = Release|Any CPU
	EndGlobalSection
	GlobalSection(SolutionProperties) = preSolution
		HideSolutionNode = FALSE
	EndGlobalSection
	GlobalSection(ProjectConfigurationPlatforms) = postSolution
		{6D1C93F5-B628-48F4-8E4A-57D9AE35255F}.Debug|Any CPU.ActiveCfg = Debug|Any CPU
		{6D1C93F5-B628-48F4-8E4A-57D9AE35255F}.Debug|Any CPU.Build.0 = Debug|Any CPU
		{6D1C93F5-B628-48F4-8E4A-57D9AE35255F}.Release|Any CPU.ActiveCfg = Release|Any CPU
		{6D1C93F5-B628-48F4-8E4A-57D9AE35255F}.Release|Any CPU.Build.0 = Release|Any CPU
		{A8FB6EDC-5420-455F-AD93-C9B8E412F2F2}.Debug|Any CPU.ActiveCfg = Debug|Any CPU
		{A8FB6EDC-5420-455F-AD93-C9B8E412F2F2}.Debug|Any CPU.Build.0 = Debug|Any CPU
		{A8FB6EDC-5420-455F-AD93-C9B8E412F2F2}.Release|Any CPU.ActiveCfg = Release|Any CPU
		{A8FB6EDC-5420-455F-AD93-C9B8E412F2F2}.Release|Any CPU.Build.0 = Release|Any CPU
	EndGlobalSection
	GlobalSection(NestedProjects) = preSolution
		{6D1C93F5-B628-48F4-8E4A-57D9AE35255F} = {706C3592-2AD6-46E1-89FE-777175F94274}
		{A8FB6EDC-5420-455F-AD93-C9B8E412F2F2} = {706C3592-2AD6-46E1-89FE-777175F94274}
	EndGlobalSection
EndGlobal
